// !$*UTF8*$!
{
	archiveVersion = 1;
	classes = {
	};
	objectVersion = 46;
	objects = {

/* Begin PBXBuildFile section */
		305784471BD3D35000169C44 /* AppDelegate.m in Sources */ = {isa = PBXBuildFile; fileRef = 3057843B1BD3D35000169C44 /* AppDelegate.m */; };
		305784491BD3D35000169C44 /* main.m in Sources */ = {isa = PBXBuildFile; fileRef = 305784401BD3D35000169C44 /* main.m */; };
		3057844C1BD3D3A900169C44 /* WXZTabBarController.m in Sources */ = {isa = PBXBuildFile; fileRef = 3057844B1BD3D3A900169C44 /* WXZTabBarController.m */; };
		305784531BD3D52D00169C44 /* WXZLouPanController.m in Sources */ = {isa = PBXBuildFile; fileRef = 305784521BD3D52C00169C44 /* WXZLouPanController.m */; };
		305784561BD3D54900169C44 /* WXZKeHuController.m in Sources */ = {isa = PBXBuildFile; fileRef = 305784551BD3D54900169C44 /* WXZKeHuController.m */; };
		3057845D1BD3DA3100169C44 /* UIView+WXZFrame.m in Sources */ = {isa = PBXBuildFile; fileRef = 3057845C1BD3DA3100169C44 /* UIView+WXZFrame.m */; };
		30A9F1F01BD4A20E00A6440D /* WXZSeachView.m in Sources */ = {isa = PBXBuildFile; fileRef = 30A9F1EF1BD4A20E00A6440D /* WXZSeachView.m */; };
		30B2DBA01BD6515400F00DF0 /* WXZLouPan.m in Sources */ = {isa = PBXBuildFile; fileRef = 30B2DB9F1BD6515400F00DF0 /* WXZLouPan.m */; };
		30D59AB41BD5E519003F0A0C /* WXZSeachView.xib in Resources */ = {isa = PBXBuildFile; fileRef = 30D59AB31BD5E519003F0A0C /* WXZSeachView.xib */; };
		30D59AB71BD5EAEE003F0A0C /* WXZNavController.m in Sources */ = {isa = PBXBuildFile; fileRef = 30D59AB61BD5EAEE003F0A0C /* WXZNavController.m */; };
		30D59ABA1BD5ECD6003F0A0C /* WXZTabBar.m in Sources */ = {isa = PBXBuildFile; fileRef = 30D59AB91BD5ECD6003F0A0C /* WXZTabBar.m */; };
		30ECA2751BD2B3B4006A8090 /* Images.xcassets in Resources */ = {isa = PBXBuildFile; fileRef = 30ECA2741BD2B3B4006A8090 /* Images.xcassets */; };
		30ECA2781BD2B3B4006A8090 /* LaunchScreen.xib in Resources */ = {isa = PBXBuildFile; fileRef = 30ECA2761BD2B3B4006A8090 /* LaunchScreen.xib */; };
		30ECA2841BD2B3B5006A8090 /* rufangrongkeTests.m in Sources */ = {isa = PBXBuildFile; fileRef = 30ECA2831BD2B3B5006A8090 /* rufangrongkeTests.m */; };
		885387F01BDCB958005DCF38 /* WXZConst.m in Sources */ = {isa = PBXBuildFile; fileRef = 885387EF1BDCB958005DCF38 /* WXZConst.m */; };
		885387F41BDCE5D3005DCF38 /* WXZRegisterController.m in Sources */ = {isa = PBXBuildFile; fileRef = 885387F21BDCE5D3005DCF38 /* WXZRegisterController.m */; };
		885387F51BDCE5D3005DCF38 /* WXZRegisterController.xib in Resources */ = {isa = PBXBuildFile; fileRef = 885387F31BDCE5D3005DCF38 /* WXZRegisterController.xib */; };
		885387F91BDD01D6005DCF38 /* WXZFindPasswordController.m in Sources */ = {isa = PBXBuildFile; fileRef = 885387F71BDD01D6005DCF38 /* WXZFindPasswordController.m */; };
		885387FA1BDD01D6005DCF38 /* WXZFindPasswordController.xib in Resources */ = {isa = PBXBuildFile; fileRef = 885387F81BDD01D6005DCF38 /* WXZFindPasswordController.xib */; };
		885387FC1BDD1591005DCF38 /* Foundation+Log.m in Sources */ = {isa = PBXBuildFile; fileRef = 885387FB1BDD1591005DCF38 /* Foundation+Log.m */; };
		885388001BDD1DC0005DCF38 /* WXZTableViewCell.m in Sources */ = {isa = PBXBuildFile; fileRef = 885387FE1BDD1DC0005DCF38 /* WXZTableViewCell.m */; };
		885388011BDD1DC0005DCF38 /* WXZTableViewCell.xib in Resources */ = {isa = PBXBuildFile; fileRef = 885387FF1BDD1DC0005DCF38 /* WXZTableViewCell.xib */; };
		88588DBB1BD8D031002B357D /* WXZWoTypeCell.m in Sources */ = {isa = PBXBuildFile; fileRef = 88588DB91BD8D031002B357D /* WXZWoTypeCell.m */; };
		88588DBC1BD8D031002B357D /* WXZWoTypeCell.xib in Resources */ = {isa = PBXBuildFile; fileRef = 88588DBA1BD8D031002B357D /* WXZWoTypeCell.xib */; };
		88588DC31BD8D097002B357D /* WXZWoListCell.m in Sources */ = {isa = PBXBuildFile; fileRef = 88588DC11BD8D097002B357D /* WXZWoListCell.m */; };
		88588DC41BD8D097002B357D /* WXZWoListCell.xib in Resources */ = {isa = PBXBuildFile; fileRef = 88588DC21BD8D097002B357D /* WXZWoListCell.xib */; };
		886388AA1BD877AB00498AF0 /* WXZKeHuController.xib in Resources */ = {isa = PBXBuildFile; fileRef = 886388A91BD877AB00498AF0 /* WXZKeHuController.xib */; };
		886388B81BD87AC200498AF0 /* WXZWoController.m in Sources */ = {isa = PBXBuildFile; fileRef = 886388B61BD87AC200498AF0 /* WXZWoController.m */; };
		886388B91BD87AC200498AF0 /* WXZWoController.xib in Resources */ = {isa = PBXBuildFile; fileRef = 886388B71BD87AC200498AF0 /* WXZWoController.xib */; };
		8870349B1BD9BDC300315D1A /* WXZWoHeadCell.m in Sources */ = {isa = PBXBuildFile; fileRef = 887034991BD9BDC300315D1A /* WXZWoHeadCell.m */; };
		8870349C1BD9BDC300315D1A /* WXZWoHeadCell.xib in Resources */ = {isa = PBXBuildFile; fileRef = 8870349A1BD9BDC300315D1A /* WXZWoHeadCell.xib */; };
		887218D11BDC9BD800620080 /* WXZPersonalNameVC.m in Sources */ = {isa = PBXBuildFile; fileRef = 887218CF1BDC9BD800620080 /* WXZPersonalNameVC.m */; };
		887218D21BDC9BD800620080 /* WXZPersonalNameVC.xib in Resources */ = {isa = PBXBuildFile; fileRef = 887218D01BDC9BD800620080 /* WXZPersonalNameVC.xib */; };
		887218D71BDCAD9C00620080 /* WXZPersonalSexVC.xib in Resources */ = {isa = PBXBuildFile; fileRef = 887218D51BDCAD9C00620080 /* WXZPersonalSexVC.xib */; };
		888115D71BDDBEA8003A0356 /* WXZKeHuListCell.m in Sources */ = {isa = PBXBuildFile; fileRef = 888575AF1BDB4679005E5AC4 /* WXZKeHuListCell.m */; };
		888115D81BDDBEB4003A0356 /* WXZPersonalController.m in Sources */ = {isa = PBXBuildFile; fileRef = 889887B71BDB7CC100460FE3 /* WXZPersonalController.m */; };
		888115D91BDDBEC5003A0356 /* WXZPersonalSexVC.m in Sources */ = {isa = PBXBuildFile; fileRef = 887218D41BDCAD9C00620080 /* WXZPersonalSexVC.m */; };
		888115DC1BDDC12D003A0356 /* UIBarButtonItem+WXZExtension.m in Sources */ = {isa = PBXBuildFile; fileRef = 888115DB1BDDC12D003A0356 /* UIBarButtonItem+WXZExtension.m */; };
		888115DF1BDDCA3F003A0356 /* WXZLoupanCell.m in Sources */ = {isa = PBXBuildFile; fileRef = 888115DE1BDDCA3F003A0356 /* WXZLoupanCell.m */; };
		888115E11BDDCA5F003A0356 /* WXZLoupanCell.xib in Resources */ = {isa = PBXBuildFile; fileRef = 888115E01BDDCA5F003A0356 /* WXZLoupanCell.xib */; };
		888575B51BDB46FB005E5AC4 /* WXZKHListHeaderView.m in Sources */ = {isa = PBXBuildFile; fileRef = 888575B41BDB46FB005E5AC4 /* WXZKHListHeaderView.m */; };
		888575BA1BDB4A8E005E5AC4 /* WXZKHListFooterView.m in Sources */ = {isa = PBXBuildFile; fileRef = 888575B91BDB4A8E005E5AC4 /* WXZKHListFooterView.m */; };
		889887BA1BDB7CC100460FE3 /* WXZPersonalController.xib in Resources */ = {isa = PBXBuildFile; fileRef = 889887B81BDB7CC100460FE3 /* WXZPersonalController.xib */; };
		889887C31BDB862F00460FE3 /* WXZPersonalDataCell.m in Sources */ = {isa = PBXBuildFile; fileRef = 889887C11BDB862F00460FE3 /* WXZPersonalDataCell.m */; };
		889887CD1BDB99A000460FE3 /* WXZPersonalData2Cell.m in Sources */ = {isa = PBXBuildFile; fileRef = 889887CB1BDB99A000460FE3 /* WXZPersonalData2Cell.m */; };
		88EAA7161BD87C180072CD40 /* AFHTTPRequestOperation.m in Sources */ = {isa = PBXBuildFile; fileRef = 88EAA7041BD87C180072CD40 /* AFHTTPRequestOperation.m */; };
		88EAA7171BD87C180072CD40 /* AFHTTPRequestOperationManager.m in Sources */ = {isa = PBXBuildFile; fileRef = 88EAA7061BD87C180072CD40 /* AFHTTPRequestOperationManager.m */; };
		88EAA7181BD87C180072CD40 /* AFHTTPSessionManager.m in Sources */ = {isa = PBXBuildFile; fileRef = 88EAA7081BD87C180072CD40 /* AFHTTPSessionManager.m */; };
		88EAA7191BD87C180072CD40 /* AFNetworkReachabilityManager.m in Sources */ = {isa = PBXBuildFile; fileRef = 88EAA70B1BD87C180072CD40 /* AFNetworkReachabilityManager.m */; };
		88EAA71A1BD87C180072CD40 /* AFSecurityPolicy.m in Sources */ = {isa = PBXBuildFile; fileRef = 88EAA70D1BD87C180072CD40 /* AFSecurityPolicy.m */; };
		88EAA71B1BD87C180072CD40 /* AFURLConnectionOperation.m in Sources */ = {isa = PBXBuildFile; fileRef = 88EAA70F1BD87C180072CD40 /* AFURLConnectionOperation.m */; };
		88EAA71C1BD87C180072CD40 /* AFURLRequestSerialization.m in Sources */ = {isa = PBXBuildFile; fileRef = 88EAA7111BD87C180072CD40 /* AFURLRequestSerialization.m */; };
		88EAA71D1BD87C180072CD40 /* AFURLResponseSerialization.m in Sources */ = {isa = PBXBuildFile; fileRef = 88EAA7131BD87C180072CD40 /* AFURLResponseSerialization.m */; };
		88EAA71E1BD87C180072CD40 /* AFURLSessionManager.m in Sources */ = {isa = PBXBuildFile; fileRef = 88EAA7151BD87C180072CD40 /* AFURLSessionManager.m */; };
		88EAA7221BD88DA40072CD40 /* WXZLoginController.m in Sources */ = {isa = PBXBuildFile; fileRef = 88EAA7201BD88DA40072CD40 /* WXZLoginController.m */; };
		88EAA7231BD88DA40072CD40 /* WXZLoginController.xib in Resources */ = {isa = PBXBuildFile; fileRef = 88EAA7211BD88DA40072CD40 /* WXZLoginController.xib */; };
		EC7F4BA2BF9782D90A9E7AA8 /* libPods.a in Frameworks */ = {isa = PBXBuildFile; fileRef = 90E4B58BBB8C86BCD96EA8CF /* libPods.a */; };
/* End PBXBuildFile section */

/* Begin PBXContainerItemProxy section */
		30ECA27E1BD2B3B5006A8090 /* PBXContainerItemProxy */ = {
			isa = PBXContainerItemProxy;
			containerPortal = 30ECA25C1BD2B3B4006A8090 /* Project object */;
			proxyType = 1;
			remoteGlobalIDString = 30ECA2631BD2B3B4006A8090;
			remoteInfo = rufangrongke;
		};
/* End PBXContainerItemProxy section */

/* Begin PBXFileReference section */
		2486C8DDDF736AAAF3FDF9C2 /* Pods.release.xcconfig */ = {isa = PBXFileReference; includeInIndex = 1; lastKnownFileType = text.xcconfig; name = Pods.release.xcconfig; path = "Pods/Target Support Files/Pods/Pods.release.xcconfig"; sourceTree = "<group>"; };
		3057843A1BD3D35000169C44 /* AppDelegate.h */ = {isa = PBXFileReference; fileEncoding = 4; lastKnownFileType = sourcecode.c.h; path = AppDelegate.h; sourceTree = "<group>"; };
		3057843B1BD3D35000169C44 /* AppDelegate.m */ = {isa = PBXFileReference; fileEncoding = 4; lastKnownFileType = sourcecode.c.objc; path = AppDelegate.m; sourceTree = "<group>"; };
		305784401BD3D35000169C44 /* main.m */ = {isa = PBXFileReference; fileEncoding = 4; lastKnownFileType = sourcecode.c.objc; path = main.m; sourceTree = "<group>"; };
		3057844A1BD3D3A900169C44 /* WXZTabBarController.h */ = {isa = PBXFileReference; fileEncoding = 4; lastKnownFileType = sourcecode.c.h; path = WXZTabBarController.h; sourceTree = "<group>"; };
		3057844B1BD3D3A900169C44 /* WXZTabBarController.m */ = {isa = PBXFileReference; fileEncoding = 4; lastKnownFileType = sourcecode.c.objc; path = WXZTabBarController.m; sourceTree = "<group>"; };
		305784511BD3D52C00169C44 /* WXZLouPanController.h */ = {isa = PBXFileReference; fileEncoding = 4; lastKnownFileType = sourcecode.c.h; path = WXZLouPanController.h; sourceTree = "<group>"; };
		305784521BD3D52C00169C44 /* WXZLouPanController.m */ = {isa = PBXFileReference; fileEncoding = 4; lastKnownFileType = sourcecode.c.objc; path = WXZLouPanController.m; sourceTree = "<group>"; };
		305784541BD3D54900169C44 /* WXZKeHuController.h */ = {isa = PBXFileReference; fileEncoding = 4; lastKnownFileType = sourcecode.c.h; path = WXZKeHuController.h; sourceTree = "<group>"; };
		305784551BD3D54900169C44 /* WXZKeHuController.m */ = {isa = PBXFileReference; fileEncoding = 4; lastKnownFileType = sourcecode.c.objc; path = WXZKeHuController.m; sourceTree = "<group>"; };
		3057845A1BD3D96B00169C44 /* PrefixHeader.pch */ = {isa = PBXFileReference; lastKnownFileType = sourcecode.c.h; path = PrefixHeader.pch; sourceTree = "<group>"; };
		3057845B1BD3DA3100169C44 /* UIView+WXZFrame.h */ = {isa = PBXFileReference; fileEncoding = 4; lastKnownFileType = sourcecode.c.h; path = "UIView+WXZFrame.h"; sourceTree = "<group>"; };
		3057845C1BD3DA3100169C44 /* UIView+WXZFrame.m */ = {isa = PBXFileReference; fileEncoding = 4; lastKnownFileType = sourcecode.c.objc; path = "UIView+WXZFrame.m"; sourceTree = "<group>"; };
		30A9F1EE1BD4A20E00A6440D /* WXZSeachView.h */ = {isa = PBXFileReference; fileEncoding = 4; lastKnownFileType = sourcecode.c.h; path = WXZSeachView.h; sourceTree = "<group>"; };
		30A9F1EF1BD4A20E00A6440D /* WXZSeachView.m */ = {isa = PBXFileReference; fileEncoding = 4; lastKnownFileType = sourcecode.c.objc; path = WXZSeachView.m; sourceTree = "<group>"; };
		30B2DB9E1BD6515400F00DF0 /* WXZLouPan.h */ = {isa = PBXFileReference; fileEncoding = 4; lastKnownFileType = sourcecode.c.h; path = WXZLouPan.h; sourceTree = "<group>"; };
		30B2DB9F1BD6515400F00DF0 /* WXZLouPan.m */ = {isa = PBXFileReference; fileEncoding = 4; lastKnownFileType = sourcecode.c.objc; path = WXZLouPan.m; sourceTree = "<group>"; };
		30D59AB31BD5E519003F0A0C /* WXZSeachView.xib */ = {isa = PBXFileReference; fileEncoding = 4; lastKnownFileType = file.xib; path = WXZSeachView.xib; sourceTree = "<group>"; };
		30D59AB51BD5EAEE003F0A0C /* WXZNavController.h */ = {isa = PBXFileReference; fileEncoding = 4; lastKnownFileType = sourcecode.c.h; path = WXZNavController.h; sourceTree = "<group>"; };
		30D59AB61BD5EAEE003F0A0C /* WXZNavController.m */ = {isa = PBXFileReference; fileEncoding = 4; lastKnownFileType = sourcecode.c.objc; path = WXZNavController.m; sourceTree = "<group>"; };
		30D59AB81BD5ECD6003F0A0C /* WXZTabBar.h */ = {isa = PBXFileReference; fileEncoding = 4; lastKnownFileType = sourcecode.c.h; path = WXZTabBar.h; sourceTree = "<group>"; };
		30D59AB91BD5ECD6003F0A0C /* WXZTabBar.m */ = {isa = PBXFileReference; fileEncoding = 4; lastKnownFileType = sourcecode.c.objc; path = WXZTabBar.m; sourceTree = "<group>"; };
		30ECA2641BD2B3B4006A8090 /* rufangrongke.app */ = {isa = PBXFileReference; explicitFileType = wrapper.application; includeInIndex = 0; path = rufangrongke.app; sourceTree = BUILT_PRODUCTS_DIR; };
		30ECA2681BD2B3B4006A8090 /* Info.plist */ = {isa = PBXFileReference; lastKnownFileType = text.plist.xml; path = Info.plist; sourceTree = "<group>"; };
		30ECA2741BD2B3B4006A8090 /* Images.xcassets */ = {isa = PBXFileReference; lastKnownFileType = folder.assetcatalog; path = Images.xcassets; sourceTree = "<group>"; };
		30ECA2771BD2B3B4006A8090 /* Base */ = {isa = PBXFileReference; lastKnownFileType = file.xib; name = Base; path = Base.lproj/LaunchScreen.xib; sourceTree = "<group>"; };
		30ECA27D1BD2B3B5006A8090 /* rufangrongkeTests.xctest */ = {isa = PBXFileReference; explicitFileType = wrapper.cfbundle; includeInIndex = 0; path = rufangrongkeTests.xctest; sourceTree = BUILT_PRODUCTS_DIR; };
		30ECA2821BD2B3B5006A8090 /* Info.plist */ = {isa = PBXFileReference; lastKnownFileType = text.plist.xml; path = Info.plist; sourceTree = "<group>"; };
		30ECA2831BD2B3B5006A8090 /* rufangrongkeTests.m */ = {isa = PBXFileReference; lastKnownFileType = sourcecode.c.objc; path = rufangrongkeTests.m; sourceTree = "<group>"; };
		39928E051B59D36C45248CC0 /* Pods.debug.xcconfig */ = {isa = PBXFileReference; includeInIndex = 1; lastKnownFileType = text.xcconfig; name = Pods.debug.xcconfig; path = "Pods/Target Support Files/Pods/Pods.debug.xcconfig"; sourceTree = "<group>"; };
		885387EE1BDCB852005DCF38 /* WXZConst.h */ = {isa = PBXFileReference; lastKnownFileType = sourcecode.c.h; path = WXZConst.h; sourceTree = "<group>"; };
		885387EF1BDCB958005DCF38 /* WXZConst.m */ = {isa = PBXFileReference; fileEncoding = 4; lastKnownFileType = sourcecode.c.objc; path = WXZConst.m; sourceTree = "<group>"; };
		885387F11BDCE5D3005DCF38 /* WXZRegisterController.h */ = {isa = PBXFileReference; fileEncoding = 4; lastKnownFileType = sourcecode.c.h; path = WXZRegisterController.h; sourceTree = "<group>"; };
		885387F21BDCE5D3005DCF38 /* WXZRegisterController.m */ = {isa = PBXFileReference; fileEncoding = 4; lastKnownFileType = sourcecode.c.objc; path = WXZRegisterController.m; sourceTree = "<group>"; };
		885387F31BDCE5D3005DCF38 /* WXZRegisterController.xib */ = {isa = PBXFileReference; fileEncoding = 4; lastKnownFileType = file.xib; path = WXZRegisterController.xib; sourceTree = "<group>"; };
		885387F61BDD01D6005DCF38 /* WXZFindPasswordController.h */ = {isa = PBXFileReference; fileEncoding = 4; lastKnownFileType = sourcecode.c.h; path = WXZFindPasswordController.h; sourceTree = "<group>"; };
		885387F71BDD01D6005DCF38 /* WXZFindPasswordController.m */ = {isa = PBXFileReference; fileEncoding = 4; lastKnownFileType = sourcecode.c.objc; path = WXZFindPasswordController.m; sourceTree = "<group>"; };
		885387F81BDD01D6005DCF38 /* WXZFindPasswordController.xib */ = {isa = PBXFileReference; fileEncoding = 4; lastKnownFileType = file.xib; path = WXZFindPasswordController.xib; sourceTree = "<group>"; };
		885387FB1BDD1591005DCF38 /* Foundation+Log.m */ = {isa = PBXFileReference; fileEncoding = 4; lastKnownFileType = sourcecode.c.objc; path = "Foundation+Log.m"; sourceTree = "<group>"; };
		885387FD1BDD1DC0005DCF38 /* WXZTableViewCell.h */ = {isa = PBXFileReference; fileEncoding = 4; lastKnownFileType = sourcecode.c.h; path = WXZTableViewCell.h; sourceTree = "<group>"; };
		885387FE1BDD1DC0005DCF38 /* WXZTableViewCell.m */ = {isa = PBXFileReference; fileEncoding = 4; lastKnownFileType = sourcecode.c.objc; path = WXZTableViewCell.m; sourceTree = "<group>"; };
		885387FF1BDD1DC0005DCF38 /* WXZTableViewCell.xib */ = {isa = PBXFileReference; fileEncoding = 4; lastKnownFileType = file.xib; path = WXZTableViewCell.xib; sourceTree = "<group>"; };
		88588DB81BD8D031002B357D /* WXZWoTypeCell.h */ = {isa = PBXFileReference; fileEncoding = 4; lastKnownFileType = sourcecode.c.h; path = WXZWoTypeCell.h; sourceTree = "<group>"; };
		88588DB91BD8D031002B357D /* WXZWoTypeCell.m */ = {isa = PBXFileReference; fileEncoding = 4; lastKnownFileType = sourcecode.c.objc; path = WXZWoTypeCell.m; sourceTree = "<group>"; };
		88588DBA1BD8D031002B357D /* WXZWoTypeCell.xib */ = {isa = PBXFileReference; fileEncoding = 4; lastKnownFileType = file.xib; path = WXZWoTypeCell.xib; sourceTree = "<group>"; };
		88588DC01BD8D097002B357D /* WXZWoListCell.h */ = {isa = PBXFileReference; fileEncoding = 4; lastKnownFileType = sourcecode.c.h; path = WXZWoListCell.h; sourceTree = "<group>"; };
		88588DC11BD8D097002B357D /* WXZWoListCell.m */ = {isa = PBXFileReference; fileEncoding = 4; lastKnownFileType = sourcecode.c.objc; path = WXZWoListCell.m; sourceTree = "<group>"; };
		88588DC21BD8D097002B357D /* WXZWoListCell.xib */ = {isa = PBXFileReference; fileEncoding = 4; lastKnownFileType = file.xib; path = WXZWoListCell.xib; sourceTree = "<group>"; };
		886388A91BD877AB00498AF0 /* WXZKeHuController.xib */ = {isa = PBXFileReference; fileEncoding = 4; lastKnownFileType = file.xib; path = WXZKeHuController.xib; sourceTree = "<group>"; };
		886388B51BD87AC200498AF0 /* WXZWoController.h */ = {isa = PBXFileReference; fileEncoding = 4; lastKnownFileType = sourcecode.c.h; path = WXZWoController.h; sourceTree = "<group>"; };
		886388B61BD87AC200498AF0 /* WXZWoController.m */ = {isa = PBXFileReference; fileEncoding = 4; lastKnownFileType = sourcecode.c.objc; path = WXZWoController.m; sourceTree = "<group>"; };
		886388B71BD87AC200498AF0 /* WXZWoController.xib */ = {isa = PBXFileReference; fileEncoding = 4; lastKnownFileType = file.xib; path = WXZWoController.xib; sourceTree = "<group>"; };
		887034981BD9BDC300315D1A /* WXZWoHeadCell.h */ = {isa = PBXFileReference; fileEncoding = 4; lastKnownFileType = sourcecode.c.h; path = WXZWoHeadCell.h; sourceTree = "<group>"; };
		887034991BD9BDC300315D1A /* WXZWoHeadCell.m */ = {isa = PBXFileReference; fileEncoding = 4; lastKnownFileType = sourcecode.c.objc; path = WXZWoHeadCell.m; sourceTree = "<group>"; };
		8870349A1BD9BDC300315D1A /* WXZWoHeadCell.xib */ = {isa = PBXFileReference; fileEncoding = 4; lastKnownFileType = file.xib; path = WXZWoHeadCell.xib; sourceTree = "<group>"; };
		887218CE1BDC9BD800620080 /* WXZPersonalNameVC.h */ = {isa = PBXFileReference; fileEncoding = 4; lastKnownFileType = sourcecode.c.h; path = WXZPersonalNameVC.h; sourceTree = "<group>"; };
		887218CF1BDC9BD800620080 /* WXZPersonalNameVC.m */ = {isa = PBXFileReference; fileEncoding = 4; lastKnownFileType = sourcecode.c.objc; path = WXZPersonalNameVC.m; sourceTree = "<group>"; };
		887218D01BDC9BD800620080 /* WXZPersonalNameVC.xib */ = {isa = PBXFileReference; fileEncoding = 4; lastKnownFileType = file.xib; path = WXZPersonalNameVC.xib; sourceTree = "<group>"; };
		887218D31BDCAD9C00620080 /* WXZPersonalSexVC.h */ = {isa = PBXFileReference; fileEncoding = 4; lastKnownFileType = sourcecode.c.h; path = WXZPersonalSexVC.h; sourceTree = "<group>"; };
		887218D41BDCAD9C00620080 /* WXZPersonalSexVC.m */ = {isa = PBXFileReference; fileEncoding = 4; lastKnownFileType = sourcecode.c.objc; path = WXZPersonalSexVC.m; sourceTree = "<group>"; };
		887218D51BDCAD9C00620080 /* WXZPersonalSexVC.xib */ = {isa = PBXFileReference; fileEncoding = 4; lastKnownFileType = file.xib; path = WXZPersonalSexVC.xib; sourceTree = "<group>"; };
		888115DA1BDDC12D003A0356 /* UIBarButtonItem+WXZExtension.h */ = {isa = PBXFileReference; fileEncoding = 4; lastKnownFileType = sourcecode.c.h; path = "UIBarButtonItem+WXZExtension.h"; sourceTree = "<group>"; };
		888115DB1BDDC12D003A0356 /* UIBarButtonItem+WXZExtension.m */ = {isa = PBXFileReference; fileEncoding = 4; lastKnownFileType = sourcecode.c.objc; path = "UIBarButtonItem+WXZExtension.m"; sourceTree = "<group>"; };
		888115DD1BDDCA3F003A0356 /* WXZLoupanCell.h */ = {isa = PBXFileReference; fileEncoding = 4; lastKnownFileType = sourcecode.c.h; path = WXZLoupanCell.h; sourceTree = "<group>"; };
		888115DE1BDDCA3F003A0356 /* WXZLoupanCell.m */ = {isa = PBXFileReference; fileEncoding = 4; lastKnownFileType = sourcecode.c.objc; path = WXZLoupanCell.m; sourceTree = "<group>"; };
		888115E01BDDCA5F003A0356 /* WXZLoupanCell.xib */ = {isa = PBXFileReference; fileEncoding = 4; lastKnownFileType = file.xib; path = WXZLoupanCell.xib; sourceTree = "<group>"; };
		888575AE1BDB4679005E5AC4 /* WXZKeHuListCell.h */ = {isa = PBXFileReference; fileEncoding = 4; lastKnownFileType = sourcecode.c.h; path = WXZKeHuListCell.h; sourceTree = "<group>"; };
		888575AF1BDB4679005E5AC4 /* WXZKeHuListCell.m */ = {isa = PBXFileReference; fileEncoding = 4; lastKnownFileType = sourcecode.c.objc; path = WXZKeHuListCell.m; sourceTree = "<group>"; };
		888575B01BDB4679005E5AC4 /* WXZKeHuListCell.xib */ = {isa = PBXFileReference; fileEncoding = 4; lastKnownFileType = file.xib; path = WXZKeHuListCell.xib; sourceTree = "<group>"; };
		888575B31BDB46FB005E5AC4 /* WXZKHListHeaderView.h */ = {isa = PBXFileReference; fileEncoding = 4; lastKnownFileType = sourcecode.c.h; path = WXZKHListHeaderView.h; sourceTree = "<group>"; };
		888575B41BDB46FB005E5AC4 /* WXZKHListHeaderView.m */ = {isa = PBXFileReference; fileEncoding = 4; lastKnownFileType = sourcecode.c.objc; path = WXZKHListHeaderView.m; sourceTree = "<group>"; };
		888575B61BDB472C005E5AC4 /* WXZKHListHeaderView.xib */ = {isa = PBXFileReference; fileEncoding = 4; lastKnownFileType = file.xib; path = WXZKHListHeaderView.xib; sourceTree = "<group>"; };
		888575B81BDB4A8E005E5AC4 /* WXZKHListFooterView.h */ = {isa = PBXFileReference; fileEncoding = 4; lastKnownFileType = sourcecode.c.h; path = WXZKHListFooterView.h; sourceTree = "<group>"; };
		888575B91BDB4A8E005E5AC4 /* WXZKHListFooterView.m */ = {isa = PBXFileReference; fileEncoding = 4; lastKnownFileType = sourcecode.c.objc; path = WXZKHListFooterView.m; sourceTree = "<group>"; };
		888575BB1BDB4AA2005E5AC4 /* WXZKHListFooterView.xib */ = {isa = PBXFileReference; fileEncoding = 4; lastKnownFileType = file.xib; path = WXZKHListFooterView.xib; sourceTree = "<group>"; };
		889887B61BDB7CC100460FE3 /* WXZPersonalController.h */ = {isa = PBXFileReference; fileEncoding = 4; lastKnownFileType = sourcecode.c.h; path = WXZPersonalController.h; sourceTree = "<group>"; };
		889887B71BDB7CC100460FE3 /* WXZPersonalController.m */ = {isa = PBXFileReference; fileEncoding = 4; lastKnownFileType = sourcecode.c.objc; path = WXZPersonalController.m; sourceTree = "<group>"; };
		889887B81BDB7CC100460FE3 /* WXZPersonalController.xib */ = {isa = PBXFileReference; fileEncoding = 4; lastKnownFileType = file.xib; path = WXZPersonalController.xib; sourceTree = "<group>"; };
		889887C01BDB862F00460FE3 /* WXZPersonalDataCell.h */ = {isa = PBXFileReference; fileEncoding = 4; lastKnownFileType = sourcecode.c.h; path = WXZPersonalDataCell.h; sourceTree = "<group>"; };
		889887C11BDB862F00460FE3 /* WXZPersonalDataCell.m */ = {isa = PBXFileReference; fileEncoding = 4; lastKnownFileType = sourcecode.c.objc; path = WXZPersonalDataCell.m; sourceTree = "<group>"; };
		889887C21BDB862F00460FE3 /* WXZPersonalDataCell.xib */ = {isa = PBXFileReference; fileEncoding = 4; lastKnownFileType = file.xib; path = WXZPersonalDataCell.xib; sourceTree = "<group>"; };
		889887CA1BDB99A000460FE3 /* WXZPersonalData2Cell.h */ = {isa = PBXFileReference; fileEncoding = 4; lastKnownFileType = sourcecode.c.h; path = WXZPersonalData2Cell.h; sourceTree = "<group>"; };
		889887CB1BDB99A000460FE3 /* WXZPersonalData2Cell.m */ = {isa = PBXFileReference; fileEncoding = 4; lastKnownFileType = sourcecode.c.objc; path = WXZPersonalData2Cell.m; sourceTree = "<group>"; };
		889887CC1BDB99A000460FE3 /* WXZPersonalData2Cell.xib */ = {isa = PBXFileReference; fileEncoding = 4; lastKnownFileType = file.xib; path = WXZPersonalData2Cell.xib; sourceTree = "<group>"; };
		88EAA7031BD87C180072CD40 /* AFHTTPRequestOperation.h */ = {isa = PBXFileReference; fileEncoding = 4; lastKnownFileType = sourcecode.c.h; path = AFHTTPRequestOperation.h; sourceTree = "<group>"; };
		88EAA7041BD87C180072CD40 /* AFHTTPRequestOperation.m */ = {isa = PBXFileReference; fileEncoding = 4; lastKnownFileType = sourcecode.c.objc; path = AFHTTPRequestOperation.m; sourceTree = "<group>"; };
		88EAA7051BD87C180072CD40 /* AFHTTPRequestOperationManager.h */ = {isa = PBXFileReference; fileEncoding = 4; lastKnownFileType = sourcecode.c.h; path = AFHTTPRequestOperationManager.h; sourceTree = "<group>"; };
		88EAA7061BD87C180072CD40 /* AFHTTPRequestOperationManager.m */ = {isa = PBXFileReference; fileEncoding = 4; lastKnownFileType = sourcecode.c.objc; path = AFHTTPRequestOperationManager.m; sourceTree = "<group>"; };
		88EAA7071BD87C180072CD40 /* AFHTTPSessionManager.h */ = {isa = PBXFileReference; fileEncoding = 4; lastKnownFileType = sourcecode.c.h; path = AFHTTPSessionManager.h; sourceTree = "<group>"; };
		88EAA7081BD87C180072CD40 /* AFHTTPSessionManager.m */ = {isa = PBXFileReference; fileEncoding = 4; lastKnownFileType = sourcecode.c.objc; path = AFHTTPSessionManager.m; sourceTree = "<group>"; };
		88EAA7091BD87C180072CD40 /* AFNetworking.h */ = {isa = PBXFileReference; fileEncoding = 4; lastKnownFileType = sourcecode.c.h; path = AFNetworking.h; sourceTree = "<group>"; };
		88EAA70A1BD87C180072CD40 /* AFNetworkReachabilityManager.h */ = {isa = PBXFileReference; fileEncoding = 4; lastKnownFileType = sourcecode.c.h; path = AFNetworkReachabilityManager.h; sourceTree = "<group>"; };
		88EAA70B1BD87C180072CD40 /* AFNetworkReachabilityManager.m */ = {isa = PBXFileReference; fileEncoding = 4; lastKnownFileType = sourcecode.c.objc; path = AFNetworkReachabilityManager.m; sourceTree = "<group>"; };
		88EAA70C1BD87C180072CD40 /* AFSecurityPolicy.h */ = {isa = PBXFileReference; fileEncoding = 4; lastKnownFileType = sourcecode.c.h; path = AFSecurityPolicy.h; sourceTree = "<group>"; };
		88EAA70D1BD87C180072CD40 /* AFSecurityPolicy.m */ = {isa = PBXFileReference; fileEncoding = 4; lastKnownFileType = sourcecode.c.objc; path = AFSecurityPolicy.m; sourceTree = "<group>"; };
		88EAA70E1BD87C180072CD40 /* AFURLConnectionOperation.h */ = {isa = PBXFileReference; fileEncoding = 4; lastKnownFileType = sourcecode.c.h; path = AFURLConnectionOperation.h; sourceTree = "<group>"; };
		88EAA70F1BD87C180072CD40 /* AFURLConnectionOperation.m */ = {isa = PBXFileReference; fileEncoding = 4; lastKnownFileType = sourcecode.c.objc; path = AFURLConnectionOperation.m; sourceTree = "<group>"; };
		88EAA7101BD87C180072CD40 /* AFURLRequestSerialization.h */ = {isa = PBXFileReference; fileEncoding = 4; lastKnownFileType = sourcecode.c.h; path = AFURLRequestSerialization.h; sourceTree = "<group>"; };
		88EAA7111BD87C180072CD40 /* AFURLRequestSerialization.m */ = {isa = PBXFileReference; fileEncoding = 4; lastKnownFileType = sourcecode.c.objc; path = AFURLRequestSerialization.m; sourceTree = "<group>"; };
		88EAA7121BD87C180072CD40 /* AFURLResponseSerialization.h */ = {isa = PBXFileReference; fileEncoding = 4; lastKnownFileType = sourcecode.c.h; path = AFURLResponseSerialization.h; sourceTree = "<group>"; };
		88EAA7131BD87C180072CD40 /* AFURLResponseSerialization.m */ = {isa = PBXFileReference; fileEncoding = 4; lastKnownFileType = sourcecode.c.objc; path = AFURLResponseSerialization.m; sourceTree = "<group>"; };
		88EAA7141BD87C180072CD40 /* AFURLSessionManager.h */ = {isa = PBXFileReference; fileEncoding = 4; lastKnownFileType = sourcecode.c.h; path = AFURLSessionManager.h; sourceTree = "<group>"; };
		88EAA7151BD87C180072CD40 /* AFURLSessionManager.m */ = {isa = PBXFileReference; fileEncoding = 4; lastKnownFileType = sourcecode.c.objc; path = AFURLSessionManager.m; sourceTree = "<group>"; };
		88EAA71F1BD88DA40072CD40 /* WXZLoginController.h */ = {isa = PBXFileReference; fileEncoding = 4; lastKnownFileType = sourcecode.c.h; path = WXZLoginController.h; sourceTree = "<group>"; };
		88EAA7201BD88DA40072CD40 /* WXZLoginController.m */ = {isa = PBXFileReference; fileEncoding = 4; lastKnownFileType = sourcecode.c.objc; path = WXZLoginController.m; sourceTree = "<group>"; };
		88EAA7211BD88DA40072CD40 /* WXZLoginController.xib */ = {isa = PBXFileReference; fileEncoding = 4; lastKnownFileType = file.xib; path = WXZLoginController.xib; sourceTree = "<group>"; };
		90E4B58BBB8C86BCD96EA8CF /* libPods.a */ = {isa = PBXFileReference; explicitFileType = archive.ar; includeInIndex = 0; path = libPods.a; sourceTree = BUILT_PRODUCTS_DIR; };
/* End PBXFileReference section */

/* Begin PBXFrameworksBuildPhase section */
		30ECA2611BD2B3B4006A8090 /* Frameworks */ = {
			isa = PBXFrameworksBuildPhase;
			buildActionMask = 2147483647;
			files = (
				EC7F4BA2BF9782D90A9E7AA8 /* libPods.a in Frameworks */,
			);
			runOnlyForDeploymentPostprocessing = 0;
		};
		30ECA27A1BD2B3B5006A8090 /* Frameworks */ = {
			isa = PBXFrameworksBuildPhase;
			buildActionMask = 2147483647;
			files = (
			);
			runOnlyForDeploymentPostprocessing = 0;
		};
/* End PBXFrameworksBuildPhase section */

/* Begin PBXGroup section */
		305784301BD3D35000169C44 /* Classes */ = {
			isa = PBXGroup;
			children = (
				305784351BD3D35000169C44 /* loupan */,
				305784311BD3D35000169C44 /* kehu */,
				305784431BD3D35000169C44 /* wo */,
				305784391BD3D35000169C44 /* main */,
			);
			path = Classes;
			sourceTree = "<group>";
		};
		305784311BD3D35000169C44 /* kehu */ = {
			isa = PBXGroup;
			children = (
				305784321BD3D35000169C44 /* Controller */,
				305784331BD3D35000169C44 /* Model */,
				305784341BD3D35000169C44 /* View */,
			);
			path = kehu;
			sourceTree = "<group>";
		};
		305784321BD3D35000169C44 /* Controller */ = {
			isa = PBXGroup;
			children = (
				305784541BD3D54900169C44 /* WXZKeHuController.h */,
				305784551BD3D54900169C44 /* WXZKeHuController.m */,
				886388A91BD877AB00498AF0 /* WXZKeHuController.xib */,
			);
			path = Controller;
			sourceTree = "<group>";
		};
		305784331BD3D35000169C44 /* Model */ = {
			isa = PBXGroup;
			children = (
			);
			path = Model;
			sourceTree = "<group>";
		};
		305784341BD3D35000169C44 /* View */ = {
			isa = PBXGroup;
			children = (
				888575AE1BDB4679005E5AC4 /* WXZKeHuListCell.h */,
				888575AF1BDB4679005E5AC4 /* WXZKeHuListCell.m */,
				888575B01BDB4679005E5AC4 /* WXZKeHuListCell.xib */,
				888575B31BDB46FB005E5AC4 /* WXZKHListHeaderView.h */,
				888575B41BDB46FB005E5AC4 /* WXZKHListHeaderView.m */,
				888575B61BDB472C005E5AC4 /* WXZKHListHeaderView.xib */,
				888575B81BDB4A8E005E5AC4 /* WXZKHListFooterView.h */,
				888575B91BDB4A8E005E5AC4 /* WXZKHListFooterView.m */,
				888575BB1BDB4AA2005E5AC4 /* WXZKHListFooterView.xib */,
			);
			path = View;
			sourceTree = "<group>";
		};
		305784351BD3D35000169C44 /* loupan */ = {
			isa = PBXGroup;
			children = (
				30D59ABB1BD5EDEF003F0A0C /* Tools */,
				305784501BD3D51D00169C44 /* Controller */,
				305784371BD3D35000169C44 /* Model */,
				305784381BD3D35000169C44 /* View */,
			);
			path = loupan;
			sourceTree = "<group>";
		};
		305784371BD3D35000169C44 /* Model */ = {
			isa = PBXGroup;
			children = (
				30B2DB9E1BD6515400F00DF0 /* WXZLouPan.h */,
				30B2DB9F1BD6515400F00DF0 /* WXZLouPan.m */,
			);
			path = Model;
			sourceTree = "<group>";
		};
		305784381BD3D35000169C44 /* View */ = {
			isa = PBXGroup;
			children = (
				30A9F1EE1BD4A20E00A6440D /* WXZSeachView.h */,
				30A9F1EF1BD4A20E00A6440D /* WXZSeachView.m */,
				30D59AB31BD5E519003F0A0C /* WXZSeachView.xib */,
				885387FD1BDD1DC0005DCF38 /* WXZTableViewCell.h */,
				885387FE1BDD1DC0005DCF38 /* WXZTableViewCell.m */,
				885387FF1BDD1DC0005DCF38 /* WXZTableViewCell.xib */,
				888115DD1BDDCA3F003A0356 /* WXZLoupanCell.h */,
				888115DE1BDDCA3F003A0356 /* WXZLoupanCell.m */,
				888115E01BDDCA5F003A0356 /* WXZLoupanCell.xib */,
			);
			path = View;
			sourceTree = "<group>";
		};
		305784391BD3D35000169C44 /* main */ = {
			isa = PBXGroup;
			children = (
				3057843A1BD3D35000169C44 /* AppDelegate.h */,
				3057843B1BD3D35000169C44 /* AppDelegate.m */,
				305784401BD3D35000169C44 /* main.m */,
				885387FB1BDD1591005DCF38 /* Foundation+Log.m */,
				3057845A1BD3D96B00169C44 /* PrefixHeader.pch */,
				885387ED1BDCB824005DCF38 /* Const */,
				3057843C1BD3D35000169C44 /* Category */,
				3057843F1BD3D35000169C44 /* Controller */,
				305784421BD3D35000169C44 /* View */,
				88EAA7021BD87BE60072CD40 /* NetWorkingTools */,
			);
			path = main;
			sourceTree = "<group>";
		};
		3057843C1BD3D35000169C44 /* Category */ = {
			isa = PBXGroup;
			children = (
				3057845B1BD3DA3100169C44 /* UIView+WXZFrame.h */,
				3057845C1BD3DA3100169C44 /* UIView+WXZFrame.m */,
				888115DA1BDDC12D003A0356 /* UIBarButtonItem+WXZExtension.h */,
				888115DB1BDDC12D003A0356 /* UIBarButtonItem+WXZExtension.m */,
			);
			path = Category;
			sourceTree = "<group>";
		};
		3057843F1BD3D35000169C44 /* Controller */ = {
			isa = PBXGroup;
			children = (
				3057844A1BD3D3A900169C44 /* WXZTabBarController.h */,
				3057844B1BD3D3A900169C44 /* WXZTabBarController.m */,
				30D59AB51BD5EAEE003F0A0C /* WXZNavController.h */,
				30D59AB61BD5EAEE003F0A0C /* WXZNavController.m */,
				88EAA71F1BD88DA40072CD40 /* WXZLoginController.h */,
				88EAA7201BD88DA40072CD40 /* WXZLoginController.m */,
				88EAA7211BD88DA40072CD40 /* WXZLoginController.xib */,
				885387F11BDCE5D3005DCF38 /* WXZRegisterController.h */,
				885387F21BDCE5D3005DCF38 /* WXZRegisterController.m */,
				885387F31BDCE5D3005DCF38 /* WXZRegisterController.xib */,
				885387F61BDD01D6005DCF38 /* WXZFindPasswordController.h */,
				885387F71BDD01D6005DCF38 /* WXZFindPasswordController.m */,
				885387F81BDD01D6005DCF38 /* WXZFindPasswordController.xib */,
			);
			path = Controller;
			sourceTree = "<group>";
		};
		305784421BD3D35000169C44 /* View */ = {
			isa = PBXGroup;
			children = (
				30D59AB81BD5ECD6003F0A0C /* WXZTabBar.h */,
				30D59AB91BD5ECD6003F0A0C /* WXZTabBar.m */,
			);
			path = View;
			sourceTree = "<group>";
		};
		305784431BD3D35000169C44 /* wo */ = {
			isa = PBXGroup;
			children = (
				305784441BD3D35000169C44 /* Controller */,
				305784451BD3D35000169C44 /* Model */,
				305784461BD3D35000169C44 /* View */,
			);
			path = wo;
			sourceTree = "<group>";
		};
		305784441BD3D35000169C44 /* Controller */ = {
			isa = PBXGroup;
			children = (
				886388B51BD87AC200498AF0 /* WXZWoController.h */,
				886388B61BD87AC200498AF0 /* WXZWoController.m */,
				886388B71BD87AC200498AF0 /* WXZWoController.xib */,
				889887B61BDB7CC100460FE3 /* WXZPersonalController.h */,
				889887B71BDB7CC100460FE3 /* WXZPersonalController.m */,
				889887B81BDB7CC100460FE3 /* WXZPersonalController.xib */,
				887218CE1BDC9BD800620080 /* WXZPersonalNameVC.h */,
				887218CF1BDC9BD800620080 /* WXZPersonalNameVC.m */,
				887218D01BDC9BD800620080 /* WXZPersonalNameVC.xib */,
				887218D31BDCAD9C00620080 /* WXZPersonalSexVC.h */,
				887218D41BDCAD9C00620080 /* WXZPersonalSexVC.m */,
				887218D51BDCAD9C00620080 /* WXZPersonalSexVC.xib */,
			);
			path = Controller;
			sourceTree = "<group>";
		};
		305784451BD3D35000169C44 /* Model */ = {
			isa = PBXGroup;
			children = (
			);
			path = Model;
			sourceTree = "<group>";
		};
		305784461BD3D35000169C44 /* View */ = {
			isa = PBXGroup;
			children = (
				887034981BD9BDC300315D1A /* WXZWoHeadCell.h */,
				887034991BD9BDC300315D1A /* WXZWoHeadCell.m */,
				8870349A1BD9BDC300315D1A /* WXZWoHeadCell.xib */,
				88588DB81BD8D031002B357D /* WXZWoTypeCell.h */,
				88588DB91BD8D031002B357D /* WXZWoTypeCell.m */,
				88588DBA1BD8D031002B357D /* WXZWoTypeCell.xib */,
				88588DC01BD8D097002B357D /* WXZWoListCell.h */,
				88588DC11BD8D097002B357D /* WXZWoListCell.m */,
				88588DC21BD8D097002B357D /* WXZWoListCell.xib */,
				889887C01BDB862F00460FE3 /* WXZPersonalDataCell.h */,
				889887C11BDB862F00460FE3 /* WXZPersonalDataCell.m */,
				889887C21BDB862F00460FE3 /* WXZPersonalDataCell.xib */,
				889887CA1BDB99A000460FE3 /* WXZPersonalData2Cell.h */,
				889887CB1BDB99A000460FE3 /* WXZPersonalData2Cell.m */,
				889887CC1BDB99A000460FE3 /* WXZPersonalData2Cell.xib */,
			);
			path = View;
			sourceTree = "<group>";
		};
		305784501BD3D51D00169C44 /* Controller */ = {
			isa = PBXGroup;
			children = (
				305784511BD3D52C00169C44 /* WXZLouPanController.h */,
				305784521BD3D52C00169C44 /* WXZLouPanController.m */,
			);
			path = Controller;
			sourceTree = "<group>";
		};
		30D59ABB1BD5EDEF003F0A0C /* Tools */ = {
			isa = PBXGroup;
			children = (
			);
			path = Tools;
			sourceTree = "<group>";
		};
		30ECA25B1BD2B3B4006A8090 = {
			isa = PBXGroup;
			children = (
				30ECA2661BD2B3B4006A8090 /* rufangrongke */,
				30ECA2801BD2B3B5006A8090 /* rufangrongkeTests */,
				30ECA2651BD2B3B4006A8090 /* Products */,
				9472ED2A46F6C39A66F33F89 /* Pods */,
				A1398BB053F1C438EBC4C959 /* Frameworks */,
			);
			sourceTree = "<group>";
		};
		30ECA2651BD2B3B4006A8090 /* Products */ = {
			isa = PBXGroup;
			children = (
				30ECA2641BD2B3B4006A8090 /* rufangrongke.app */,
				30ECA27D1BD2B3B5006A8090 /* rufangrongkeTests.xctest */,
			);
			name = Products;
			sourceTree = "<group>";
		};
		30ECA2661BD2B3B4006A8090 /* rufangrongke */ = {
			isa = PBXGroup;
			children = (
				305784301BD3D35000169C44 /* Classes */,
				30ECA2671BD2B3B4006A8090 /* Supporting Files */,
			);
			path = rufangrongke;
			sourceTree = "<group>";
		};
		30ECA2671BD2B3B4006A8090 /* Supporting Files */ = {
			isa = PBXGroup;
			children = (
				30ECA2741BD2B3B4006A8090 /* Images.xcassets */,
				30ECA2681BD2B3B4006A8090 /* Info.plist */,
				30ECA2761BD2B3B4006A8090 /* LaunchScreen.xib */,
			);
			name = "Supporting Files";
			sourceTree = "<group>";
		};
		30ECA2801BD2B3B5006A8090 /* rufangrongkeTests */ = {
			isa = PBXGroup;
			children = (
				30ECA2831BD2B3B5006A8090 /* rufangrongkeTests.m */,
				30ECA2811BD2B3B5006A8090 /* Supporting Files */,
			);
			path = rufangrongkeTests;
			sourceTree = "<group>";
		};
		30ECA2811BD2B3B5006A8090 /* Supporting Files */ = {
			isa = PBXGroup;
			children = (
				30ECA2821BD2B3B5006A8090 /* Info.plist */,
			);
			name = "Supporting Files";
			sourceTree = "<group>";
		};
		885387ED1BDCB824005DCF38 /* Const */ = {
			isa = PBXGroup;
			children = (
				885387EE1BDCB852005DCF38 /* WXZConst.h */,
				885387EF1BDCB958005DCF38 /* WXZConst.m */,
			);
			name = Const;
			sourceTree = "<group>";
		};
		88EAA7021BD87BE60072CD40 /* NetWorkingTools */ = {
			isa = PBXGroup;
			children = (
				88EAA7031BD87C180072CD40 /* AFHTTPRequestOperation.h */,
				88EAA7041BD87C180072CD40 /* AFHTTPRequestOperation.m */,
				88EAA7051BD87C180072CD40 /* AFHTTPRequestOperationManager.h */,
				88EAA7061BD87C180072CD40 /* AFHTTPRequestOperationManager.m */,
				88EAA7071BD87C180072CD40 /* AFHTTPSessionManager.h */,
				88EAA7081BD87C180072CD40 /* AFHTTPSessionManager.m */,
				88EAA7091BD87C180072CD40 /* AFNetworking.h */,
				88EAA70A1BD87C180072CD40 /* AFNetworkReachabilityManager.h */,
				88EAA70B1BD87C180072CD40 /* AFNetworkReachabilityManager.m */,
				88EAA70C1BD87C180072CD40 /* AFSecurityPolicy.h */,
				88EAA70D1BD87C180072CD40 /* AFSecurityPolicy.m */,
				88EAA70E1BD87C180072CD40 /* AFURLConnectionOperation.h */,
				88EAA70F1BD87C180072CD40 /* AFURLConnectionOperation.m */,
				88EAA7101BD87C180072CD40 /* AFURLRequestSerialization.h */,
				88EAA7111BD87C180072CD40 /* AFURLRequestSerialization.m */,
				88EAA7121BD87C180072CD40 /* AFURLResponseSerialization.h */,
				88EAA7131BD87C180072CD40 /* AFURLResponseSerialization.m */,
				88EAA7141BD87C180072CD40 /* AFURLSessionManager.h */,
				88EAA7151BD87C180072CD40 /* AFURLSessionManager.m */,
			);
			name = NetWorkingTools;
			sourceTree = "<group>";
		};
		9472ED2A46F6C39A66F33F89 /* Pods */ = {
			isa = PBXGroup;
			children = (
				39928E051B59D36C45248CC0 /* Pods.debug.xcconfig */,
				2486C8DDDF736AAAF3FDF9C2 /* Pods.release.xcconfig */,
			);
			name = Pods;
			sourceTree = "<group>";
		};
		A1398BB053F1C438EBC4C959 /* Frameworks */ = {
			isa = PBXGroup;
			children = (
				90E4B58BBB8C86BCD96EA8CF /* libPods.a */,
			);
			name = Frameworks;
			sourceTree = "<group>";
		};
/* End PBXGroup section */

/* Begin PBXNativeTarget section */
		30ECA2631BD2B3B4006A8090 /* rufangrongke */ = {
			isa = PBXNativeTarget;
			buildConfigurationList = 30ECA2871BD2B3B5006A8090 /* Build configuration list for PBXNativeTarget "rufangrongke" */;
			buildPhases = (
				EA68EBEF8059D84FDAD601BE /* Check Pods Manifest.lock */,
				30ECA2601BD2B3B4006A8090 /* Sources */,
				30ECA2611BD2B3B4006A8090 /* Frameworks */,
				30ECA2621BD2B3B4006A8090 /* Resources */,
				8587A1DDD609E9873BE1410D /* Copy Pods Resources */,
				4C0C5D1DD6098693B2070FC9 /* Embed Pods Frameworks */,
			);
			buildRules = (
			);
			dependencies = (
			);
			name = rufangrongke;
			productName = rufangrongke;
			productReference = 30ECA2641BD2B3B4006A8090 /* rufangrongke.app */;
			productType = "com.apple.product-type.application";
		};
		30ECA27C1BD2B3B5006A8090 /* rufangrongkeTests */ = {
			isa = PBXNativeTarget;
			buildConfigurationList = 30ECA28A1BD2B3B5006A8090 /* Build configuration list for PBXNativeTarget "rufangrongkeTests" */;
			buildPhases = (
				30ECA2791BD2B3B5006A8090 /* Sources */,
				30ECA27A1BD2B3B5006A8090 /* Frameworks */,
				30ECA27B1BD2B3B5006A8090 /* Resources */,
			);
			buildRules = (
			);
			dependencies = (
				30ECA27F1BD2B3B5006A8090 /* PBXTargetDependency */,
			);
			name = rufangrongkeTests;
			productName = rufangrongkeTests;
			productReference = 30ECA27D1BD2B3B5006A8090 /* rufangrongkeTests.xctest */;
			productType = "com.apple.product-type.bundle.unit-test";
		};
/* End PBXNativeTarget section */

/* Begin PBXProject section */
		30ECA25C1BD2B3B4006A8090 /* Project object */ = {
			isa = PBXProject;
			attributes = {
				CLASSPREFIX = WXZ;
				LastUpgradeCheck = 0640;
				ORGANIZATIONNAME = "王晓植";
				TargetAttributes = {
					30ECA2631BD2B3B4006A8090 = {
						CreatedOnToolsVersion = 6.4;
					};
					30ECA27C1BD2B3B5006A8090 = {
						CreatedOnToolsVersion = 6.4;
						TestTargetID = 30ECA2631BD2B3B4006A8090;
					};
				};
			};
			buildConfigurationList = 30ECA25F1BD2B3B4006A8090 /* Build configuration list for PBXProject "rufangrongke" */;
			compatibilityVersion = "Xcode 3.2";
			developmentRegion = English;
			hasScannedForEncodings = 0;
			knownRegions = (
				en,
				Base,
			);
			mainGroup = 30ECA25B1BD2B3B4006A8090;
			productRefGroup = 30ECA2651BD2B3B4006A8090 /* Products */;
			projectDirPath = "";
			projectRoot = "";
			targets = (
				30ECA2631BD2B3B4006A8090 /* rufangrongke */,
				30ECA27C1BD2B3B5006A8090 /* rufangrongkeTests */,
			);
		};
/* End PBXProject section */

/* Begin PBXResourcesBuildPhase section */
		30ECA2621BD2B3B4006A8090 /* Resources */ = {
			isa = PBXResourcesBuildPhase;
			buildActionMask = 2147483647;
			files = (
				885387F51BDCE5D3005DCF38 /* WXZRegisterController.xib in Resources */,
				30D59AB41BD5E519003F0A0C /* WXZSeachView.xib in Resources */,
				886388B91BD87AC200498AF0 /* WXZWoController.xib in Resources */,
				886388AA1BD877AB00498AF0 /* WXZKeHuController.xib in Resources */,
				887218D71BDCAD9C00620080 /* WXZPersonalSexVC.xib in Resources */,
				8870349C1BD9BDC300315D1A /* WXZWoHeadCell.xib in Resources */,
				88588DBC1BD8D031002B357D /* WXZWoTypeCell.xib in Resources */,
				88588DC41BD8D097002B357D /* WXZWoListCell.xib in Resources */,
				887218D21BDC9BD800620080 /* WXZPersonalNameVC.xib in Resources */,
				889887BA1BDB7CC100460FE3 /* WXZPersonalController.xib in Resources */,
				888115E11BDDCA5F003A0356 /* WXZLoupanCell.xib in Resources */,
				30ECA2781BD2B3B4006A8090 /* LaunchScreen.xib in Resources */,
				885388011BDD1DC0005DCF38 /* WXZTableViewCell.xib in Resources */,
				88EAA7231BD88DA40072CD40 /* WXZLoginController.xib in Resources */,
				885387FA1BDD01D6005DCF38 /* WXZFindPasswordController.xib in Resources */,
				30ECA2751BD2B3B4006A8090 /* Images.xcassets in Resources */,
			);
			runOnlyForDeploymentPostprocessing = 0;
		};
		30ECA27B1BD2B3B5006A8090 /* Resources */ = {
			isa = PBXResourcesBuildPhase;
			buildActionMask = 2147483647;
			files = (
			);
			runOnlyForDeploymentPostprocessing = 0;
		};
/* End PBXResourcesBuildPhase section */

/* Begin PBXShellScriptBuildPhase section */
		4C0C5D1DD6098693B2070FC9 /* Embed Pods Frameworks */ = {
			isa = PBXShellScriptBuildPhase;
			buildActionMask = 2147483647;
			files = (
			);
			inputPaths = (
			);
			name = "Embed Pods Frameworks";
			outputPaths = (
			);
			runOnlyForDeploymentPostprocessing = 0;
			shellPath = /bin/sh;
			shellScript = "\"${SRCROOT}/Pods/Target Support Files/Pods/Pods-frameworks.sh\"\n";
			showEnvVarsInLog = 0;
		};
		8587A1DDD609E9873BE1410D /* Copy Pods Resources */ = {
			isa = PBXShellScriptBuildPhase;
			buildActionMask = 2147483647;
			files = (
			);
			inputPaths = (
			);
			name = "Copy Pods Resources";
			outputPaths = (
			);
			runOnlyForDeploymentPostprocessing = 0;
			shellPath = /bin/sh;
			shellScript = "\"${SRCROOT}/Pods/Target Support Files/Pods/Pods-resources.sh\"\n";
			showEnvVarsInLog = 0;
		};
		EA68EBEF8059D84FDAD601BE /* Check Pods Manifest.lock */ = {
			isa = PBXShellScriptBuildPhase;
			buildActionMask = 2147483647;
			files = (
			);
			inputPaths = (
			);
			name = "Check Pods Manifest.lock";
			outputPaths = (
			);
			runOnlyForDeploymentPostprocessing = 0;
			shellPath = /bin/sh;
			shellScript = "diff \"${PODS_ROOT}/../Podfile.lock\" \"${PODS_ROOT}/Manifest.lock\" > /dev/null\nif [[ $? != 0 ]] ; then\n    cat << EOM\nerror: The sandbox is not in sync with the Podfile.lock. Run 'pod install' or update your CocoaPods installation.\nEOM\n    exit 1\nfi\n";
			showEnvVarsInLog = 0;
		};
/* End PBXShellScriptBuildPhase section */

/* Begin PBXSourcesBuildPhase section */
		30ECA2601BD2B3B4006A8090 /* Sources */ = {
			isa = PBXSourcesBuildPhase;
			buildActionMask = 2147483647;
			files = (
				888115D91BDDBEC5003A0356 /* WXZPersonalSexVC.m in Sources */,
				888115D81BDDBEB4003A0356 /* WXZPersonalController.m in Sources */,
				888115D71BDDBEA8003A0356 /* WXZKeHuListCell.m in Sources */,
				305784471BD3D35000169C44 /* AppDelegate.m in Sources */,
				30D59ABA1BD5ECD6003F0A0C /* WXZTabBar.m in Sources */,
				88EAA7181BD87C180072CD40 /* AFHTTPSessionManager.m in Sources */,
				30A9F1F01BD4A20E00A6440D /* WXZSeachView.m in Sources */,
				888575B51BDB46FB005E5AC4 /* WXZKHListHeaderView.m in Sources */,
				889887C31BDB862F00460FE3 /* WXZPersonalDataCell.m in Sources */,
				88EAA7191BD87C180072CD40 /* AFNetworkReachabilityManager.m in Sources */,
				887218D11BDC9BD800620080 /* WXZPersonalNameVC.m in Sources */,
				88EAA7161BD87C180072CD40 /* AFHTTPRequestOperation.m in Sources */,
				88EAA71C1BD87C180072CD40 /* AFURLRequestSerialization.m in Sources */,
				88588DBB1BD8D031002B357D /* WXZWoTypeCell.m in Sources */,
				88EAA71B1BD87C180072CD40 /* AFURLConnectionOperation.m in Sources */,
				885387F91BDD01D6005DCF38 /* WXZFindPasswordController.m in Sources */,
				88EAA71E1BD87C180072CD40 /* AFURLSessionManager.m in Sources */,
				3057844C1BD3D3A900169C44 /* WXZTabBarController.m in Sources */,
				885387F41BDCE5D3005DCF38 /* WXZRegisterController.m in Sources */,
				888115DF1BDDCA3F003A0356 /* WXZLoupanCell.m in Sources */,
				88588DC31BD8D097002B357D /* WXZWoListCell.m in Sources */,
				30D59AB71BD5EAEE003F0A0C /* WXZNavController.m in Sources */,
				3057845D1BD3DA3100169C44 /* UIView+WXZFrame.m in Sources */,
				889887CD1BDB99A000460FE3 /* WXZPersonalData2Cell.m in Sources */,
				305784561BD3D54900169C44 /* WXZKeHuController.m in Sources */,
				305784531BD3D52D00169C44 /* WXZLouPanController.m in Sources */,
				8870349B1BD9BDC300315D1A /* WXZWoHeadCell.m in Sources */,
				888575BA1BDB4A8E005E5AC4 /* WXZKHListFooterView.m in Sources */,
				305784491BD3D35000169C44 /* main.m in Sources */,
				30B2DBA01BD6515400F00DF0 /* WXZLouPan.m in Sources */,
				885387F01BDCB958005DCF38 /* WXZConst.m in Sources */,
				888115DC1BDDC12D003A0356 /* UIBarButtonItem+WXZExtension.m in Sources */,
				885387FC1BDD1591005DCF38 /* Foundation+Log.m in Sources */,
				88EAA71A1BD87C180072CD40 /* AFSecurityPolicy.m in Sources */,
				88EAA7171BD87C180072CD40 /* AFHTTPRequestOperationManager.m in Sources */,
				88EAA7221BD88DA40072CD40 /* WXZLoginController.m in Sources */,
				886388B81BD87AC200498AF0 /* WXZWoController.m in Sources */,
				885388001BDD1DC0005DCF38 /* WXZTableViewCell.m in Sources */,
				88EAA71D1BD87C180072CD40 /* AFURLResponseSerialization.m in Sources */,
			);
			runOnlyForDeploymentPostprocessing = 0;
		};
		30ECA2791BD2B3B5006A8090 /* Sources */ = {
			isa = PBXSourcesBuildPhase;
			buildActionMask = 2147483647;
			files = (
				30ECA2841BD2B3B5006A8090 /* rufangrongkeTests.m in Sources */,
			);
			runOnlyForDeploymentPostprocessing = 0;
		};
/* End PBXSourcesBuildPhase section */

/* Begin PBXTargetDependency section */
		30ECA27F1BD2B3B5006A8090 /* PBXTargetDependency */ = {
			isa = PBXTargetDependency;
			target = 30ECA2631BD2B3B4006A8090 /* rufangrongke */;
			targetProxy = 30ECA27E1BD2B3B5006A8090 /* PBXContainerItemProxy */;
		};
/* End PBXTargetDependency section */

/* Begin PBXVariantGroup section */
		30ECA2761BD2B3B4006A8090 /* LaunchScreen.xib */ = {
			isa = PBXVariantGroup;
			children = (
				30ECA2771BD2B3B4006A8090 /* Base */,
			);
			name = LaunchScreen.xib;
			sourceTree = "<group>";
		};
/* End PBXVariantGroup section */

/* Begin XCBuildConfiguration section */
		30ECA2851BD2B3B5006A8090 /* Debug */ = {
			isa = XCBuildConfiguration;
			buildSettings = {
				ALWAYS_SEARCH_USER_PATHS = NO;
				CLANG_CXX_LANGUAGE_STANDARD = "gnu++0x";
				CLANG_CXX_LIBRARY = "libc++";
				CLANG_ENABLE_MODULES = YES;
				CLANG_ENABLE_OBJC_ARC = YES;
				CLANG_WARN_BOOL_CONVERSION = YES;
				CLANG_WARN_CONSTANT_CONVERSION = YES;
				CLANG_WARN_DIRECT_OBJC_ISA_USAGE = YES_ERROR;
				CLANG_WARN_EMPTY_BODY = YES;
				CLANG_WARN_ENUM_CONVERSION = YES;
				CLANG_WARN_INT_CONVERSION = YES;
				CLANG_WARN_OBJC_ROOT_CLASS = YES_ERROR;
				CLANG_WARN_UNREACHABLE_CODE = YES;
				CLANG_WARN__DUPLICATE_METHOD_MATCH = YES;
				"CODE_SIGN_IDENTITY[sdk=iphoneos*]" = "iPhone Developer";
				COPY_PHASE_STRIP = NO;
				DEBUG_INFORMATION_FORMAT = "dwarf-with-dsym";
				ENABLE_STRICT_OBJC_MSGSEND = YES;
				GCC_C_LANGUAGE_STANDARD = gnu99;
				GCC_DYNAMIC_NO_PIC = NO;
				GCC_NO_COMMON_BLOCKS = YES;
				GCC_OPTIMIZATION_LEVEL = 0;
				GCC_PREPROCESSOR_DEFINITIONS = (
					"DEBUG=1",
					"$(inherited)",
				);
				GCC_SYMBOLS_PRIVATE_EXTERN = NO;
				GCC_WARN_64_TO_32_BIT_CONVERSION = YES;
				GCC_WARN_ABOUT_RETURN_TYPE = YES_ERROR;
				GCC_WARN_UNDECLARED_SELECTOR = YES;
				GCC_WARN_UNINITIALIZED_AUTOS = YES_AGGRESSIVE;
				GCC_WARN_UNUSED_FUNCTION = YES;
				GCC_WARN_UNUSED_VARIABLE = YES;
				IPHONEOS_DEPLOYMENT_TARGET = 8.4;
				MTL_ENABLE_DEBUG_INFO = YES;
				ONLY_ACTIVE_ARCH = YES;
				SDKROOT = iphoneos;
			};
			name = Debug;
		};
		30ECA2861BD2B3B5006A8090 /* Release */ = {
			isa = XCBuildConfiguration;
			buildSettings = {
				ALWAYS_SEARCH_USER_PATHS = NO;
				CLANG_CXX_LANGUAGE_STANDARD = "gnu++0x";
				CLANG_CXX_LIBRARY = "libc++";
				CLANG_ENABLE_MODULES = YES;
				CLANG_ENABLE_OBJC_ARC = YES;
				CLANG_WARN_BOOL_CONVERSION = YES;
				CLANG_WARN_CONSTANT_CONVERSION = YES;
				CLANG_WARN_DIRECT_OBJC_ISA_USAGE = YES_ERROR;
				CLANG_WARN_EMPTY_BODY = YES;
				CLANG_WARN_ENUM_CONVERSION = YES;
				CLANG_WARN_INT_CONVERSION = YES;
				CLANG_WARN_OBJC_ROOT_CLASS = YES_ERROR;
				CLANG_WARN_UNREACHABLE_CODE = YES;
				CLANG_WARN__DUPLICATE_METHOD_MATCH = YES;
				"CODE_SIGN_IDENTITY[sdk=iphoneos*]" = "iPhone Developer";
				COPY_PHASE_STRIP = NO;
				DEBUG_INFORMATION_FORMAT = "dwarf-with-dsym";
				ENABLE_NS_ASSERTIONS = NO;
				ENABLE_STRICT_OBJC_MSGSEND = YES;
				GCC_C_LANGUAGE_STANDARD = gnu99;
				GCC_NO_COMMON_BLOCKS = YES;
				GCC_WARN_64_TO_32_BIT_CONVERSION = YES;
				GCC_WARN_ABOUT_RETURN_TYPE = YES_ERROR;
				GCC_WARN_UNDECLARED_SELECTOR = YES;
				GCC_WARN_UNINITIALIZED_AUTOS = YES_AGGRESSIVE;
				GCC_WARN_UNUSED_FUNCTION = YES;
				GCC_WARN_UNUSED_VARIABLE = YES;
				IPHONEOS_DEPLOYMENT_TARGET = 8.4;
				MTL_ENABLE_DEBUG_INFO = NO;
				SDKROOT = iphoneos;
				VALIDATE_PRODUCT = YES;
			};
			name = Release;
		};
		30ECA2881BD2B3B5006A8090 /* Debug */ = {
			isa = XCBuildConfiguration;
			baseConfigurationReference = 39928E051B59D36C45248CC0 /* Pods.debug.xcconfig */;
			buildSettings = {
				ASSETCATALOG_COMPILER_APPICON_NAME = AppIcon;
				GCC_PRECOMPILE_PREFIX_HEADER = YES;
				GCC_PREFIX_HEADER = rufangrongke/Classes/main/PrefixHeader.pch;
				INFOPLIST_FILE = rufangrongke/Info.plist;
				IPHONEOS_DEPLOYMENT_TARGET = 7.1;
				LD_RUNPATH_SEARCH_PATHS = "$(inherited) @executable_path/Frameworks";
				PRODUCT_NAME = "$(TARGET_NAME)";
			};
			name = Debug;
		};
		30ECA2891BD2B3B5006A8090 /* Release */ = {
			isa = XCBuildConfiguration;
			baseConfigurationReference = 2486C8DDDF736AAAF3FDF9C2 /* Pods.release.xcconfig */;
			buildSettings = {
				ASSETCATALOG_COMPILER_APPICON_NAME = AppIcon;
				GCC_PRECOMPILE_PREFIX_HEADER = YES;
				GCC_PREFIX_HEADER = rufangrongke/Classes/main/PrefixHeader.pch;
				INFOPLIST_FILE = rufangrongke/Info.plist;
				IPHONEOS_DEPLOYMENT_TARGET = 7.1;
				LD_RUNPATH_SEARCH_PATHS = "$(inherited) @executable_path/Frameworks";
				PRODUCT_NAME = "$(TARGET_NAME)";
			};
			name = Release;
		};
		30ECA28B1BD2B3B5006A8090 /* Debug */ = {
			isa = XCBuildConfiguration;
			buildSettings = {
				BUNDLE_LOADER = "$(TEST_HOST)";
				FRAMEWORK_SEARCH_PATHS = (
					"$(SDKROOT)/Developer/Library/Frameworks",
					"$(inherited)",
				);
				GCC_PREPROCESSOR_DEFINITIONS = (
					"DEBUG=1",
					"$(inherited)",
				);
				INFOPLIST_FILE = rufangrongkeTests/Info.plist;
				LD_RUNPATH_SEARCH_PATHS = "$(inherited) @executable_path/Frameworks @loader_path/Frameworks";
				PRODUCT_NAME = "$(TARGET_NAME)";
				TEST_HOST = "$(BUILT_PRODUCTS_DIR)/rufangrongke.app/rufangrongke";
			};
			name = Debug;
		};
		30ECA28C1BD2B3B5006A8090 /* Release */ = {
			isa = XCBuildConfiguration;
			buildSettings = {
				BUNDLE_LOADER = "$(TEST_HOST)";
				FRAMEWORK_SEARCH_PATHS = (
					"$(SDKROOT)/Developer/Library/Frameworks",
					"$(inherited)",
				);
				INFOPLIST_FILE = rufangrongkeTests/Info.plist;
				LD_RUNPATH_SEARCH_PATHS = "$(inherited) @executable_path/Frameworks @loader_path/Frameworks";
				PRODUCT_NAME = "$(TARGET_NAME)";
				TEST_HOST = "$(BUILT_PRODUCTS_DIR)/rufangrongke.app/rufangrongke";
			};
			name = Release;
		};
/* End XCBuildConfiguration section */

/* Begin XCConfigurationList section */
		30ECA25F1BD2B3B4006A8090 /* Build configuration list for PBXProject "rufangrongke" */ = {
			isa = XCConfigurationList;
			buildConfigurations = (
				30ECA2851BD2B3B5006A8090 /* Debug */,
				30ECA2861BD2B3B5006A8090 /* Release */,
			);
			defaultConfigurationIsVisible = 0;
			defaultConfigurationName = Release;
		};
		30ECA2871BD2B3B5006A8090 /* Build configuration list for PBXNativeTarget "rufangrongke" */ = {
			isa = XCConfigurationList;
			buildConfigurations = (
				30ECA2881BD2B3B5006A8090 /* Debug */,
				30ECA2891BD2B3B5006A8090 /* Release */,
			);
			defaultConfigurationIsVisible = 0;
			defaultConfigurationName = Release;
		};
		30ECA28A1BD2B3B5006A8090 /* Build configuration list for PBXNativeTarget "rufangrongkeTests" */ = {
			isa = XCConfigurationList;
			buildConfigurations = (
				30ECA28B1BD2B3B5006A8090 /* Debug */,
				30ECA28C1BD2B3B5006A8090 /* Release */,
			);
			defaultConfigurationIsVisible = 0;
			defaultConfigurationName = Release;
		};
/* End XCConfigurationList section */
	};
	rootObject = 30ECA25C1BD2B3B4006A8090 /* Project object */;
}
